
Microsoft Visual Studio Solution File, Format Version 12.00
# Visual Studio Version 17
VisualStudioVersion = 17.5.33424.131
MinimumVisualStudioVersion = 10.0.40219.1
Project("{FAE04EC0-301F-11D3-BF4B-00C04F79EFBC}") = "Odev-6", "Odev-6\Odev-6.csproj", "{F6E9C148-EBAD-4F6E-8251-AD1521511406}"
EndProject
Global
	GlobalSection(SolutionConfigurationPlatforms) = preSolution
		Debug|Any CPU = Debug|Any CPU
		Release|Any CPU = Release|Any CPU
	EndGlobalSection
	GlobalSection(ProjectConfigurationPlatforms) = postSolution
		{F6E9C148-EBAD-4F6E-8251-AD1521511406}.Debug|Any CPU.ActiveCfg = Debug|Any CPU
		{F6E9C148-EBAD-4F6E-8251-AD1521511406}.Debug|Any CPU.Build.0 = Debug|Any CPU
		{F6E9C148-EBAD-4F6E-8251-AD1521511406}.Release|Any CPU.ActiveCfg = Release|Any CPU
		{F6E9C148-EBAD-4F6E-8251-AD1521511406}.Release|Any CPU.Build.0 = Release|Any CPU
	EndGlobalSection
	GlobalSection(SolutionProperties) = preSolution
		HideSolutionNode = FALSE
	EndGlobalSection
	GlobalSection(ExtensibilityGlobals) = postSolution
		SolutionGuid = {3FCBD80E-5097-4718-BE27-4CB524D0B97C}
	EndGlobalSection
EndGlobal
