
Microsoft Visual Studio Solution File, Format Version 12.00
# Visual Studio Version 17
VisualStudioVersion = 17.5.33424.131
MinimumVisualStudioVersion = 10.0.40219.1
Project("{FAE04EC0-301F-11D3-BF4B-00C04F79EFBC}") = "Odev-4", "Odev-4\Odev-4.csproj", "{EF4AD416-F826-4309-8D2C-3CF8CA0EA5D1}"
EndProject
Global
	GlobalSection(SolutionConfigurationPlatforms) = preSolution
		Debug|Any CPU = Debug|Any CPU
		Release|Any CPU = Release|Any CPU
	EndGlobalSection
	GlobalSection(ProjectConfigurationPlatforms) = postSolution
		{EF4AD416-F826-4309-8D2C-3CF8CA0EA5D1}.Debug|Any CPU.ActiveCfg = Debug|Any CPU
		{EF4AD416-F826-4309-8D2C-3CF8CA0EA5D1}.Debug|Any CPU.Build.0 = Debug|Any CPU
		{EF4AD416-F826-4309-8D2C-3CF8CA0EA5D1}.Release|Any CPU.ActiveCfg = Release|Any CPU
		{EF4AD416-F826-4309-8D2C-3CF8CA0EA5D1}.Release|Any CPU.Build.0 = Release|Any CPU
	EndGlobalSection
	GlobalSection(SolutionProperties) = preSolution
		HideSolutionNode = FALSE
	EndGlobalSection
	GlobalSection(ExtensibilityGlobals) = postSolution
		SolutionGuid = {1EEE8A34-0150-45B3-8DE3-9A3C9FB069D3}
	EndGlobalSection
EndGlobal
